
Microsoft Visual Studio Solution File, Format Version 12.00
# Visual Studio 2013
VisualStudioVersion = 12.0.30723.0
MinimumVisualStudioVersion = 10.0.40219.1
Project("{FAE04EC0-301F-11D3-BF4B-00C04F79EFBC}") = "ElectronicStoresSystem.Models", "ElectronicStoresSystem.Models\ElectronicStoresSystem.Models.csproj", "{089C59D0-265F-4C5D-900C-0AC369F9C565}"
EndProject
Project("{FAE04EC0-301F-11D3-BF4B-00C04F79EFBC}") = "ElectronicStoresSystem.Data", "ElectronicStoresSystem.Data\ElectronicStoresSystem.Data.csproj", "{CB7BF651-6DBB-4280-A989-435F784056FE}"
EndProject
Project("{FAE04EC0-301F-11D3-BF4B-00C04F79EFBC}") = "ElectronicStoresSystem.ConsoleClient", "ElectronicStoresSystem.ConsoleClient\ElectronicStoresSystem.ConsoleClient.csproj", "{664A3D7D-904F-44F6-8046-8C2BFA413B01}"
EndProject
Project("{FAE04EC0-301F-11D3-BF4B-00C04F79EFBC}") = "XlsModule", "XlsModule\XlsModule.csproj", "{2EBE385D-A6B3-43D1-AA40-B204E3B06ABC}"
EndProject
Project("{FAE04EC0-301F-11D3-BF4B-00C04F79EFBC}") = "MongoDb.Data", "MongoDb.Data\MongoDb.Data.csproj", "{98D9524F-3E13-4E5B-BD44-8955F1930900}"
EndProject
Project("{FAE04EC0-301F-11D3-BF4B-00C04F79EFBC}") = "XmlModule", "XmlModule\XmlModule.csproj", "{6B4A5DB1-7336-49AE-BC5B-5186C7519EC2}"
EndProject
Project("{FAE04EC0-301F-11D3-BF4B-00C04F79EFBC}") = "ElecrtronicStoreSQLiteDB.Data", "ElecrtronicStoreSQLiteDB.Data\ElecrtronicStoreSQLiteDB.Data.csproj", "{A6416280-B3EC-4EAA-9F13-BF3885355276}"
EndProject
Project("{FAE04EC0-301F-11D3-BF4B-00C04F79EFBC}") = "ElectronicStoreSQLiteDB.Model", "ElectronicStoreSQLiteDB.Model\ElectronicStoreSQLiteDB.Model.csproj", "{E736B85D-78A9-47C4-904A-9C8990CD01B1}"
EndProject
Project("{FAE04EC0-301F-11D3-BF4B-00C04F79EFBC}") = "ElectronicStoreMySQL.Model", "ElectronicStoreMySQL.Model\ElectronicStoreMySQL.Model.csproj", "{6F9C2621-695C-4BDE-881B-157DCAA75C07}"
EndProject
Project("{FAE04EC0-301F-11D3-BF4B-00C04F79EFBC}") = "ElectronicStoreMySQL.Data", "ElectronicStoreMySQL.Data\ElectronicStoreMySQL.Data.csproj", "{995DEAB6-40D0-4D57-9D5D-15D35A1AD772}"
EndProject
Project("{FAE04EC0-301F-11D3-BF4B-00C04F79EFBC}") = "PDFModule", "PDFModule\PDFModule.csproj", "{C5D796A3-0E3A-43A9-B3CD-02ED63D8FCA5}"
EndProject
Project("{FAE04EC0-301F-11D3-BF4B-00C04F79EFBC}") = "JSONModule", "JSONModule\JSONModule.csproj", "{0C18F93C-B49B-44A0-A6EB-5AE0B9623953}"
EndProject
Global
	GlobalSection(SolutionConfigurationPlatforms) = preSolution
		Debug|Any CPU = Debug|Any CPU
		Release|Any CPU = Release|Any CPU
	EndGlobalSection
	GlobalSection(ProjectConfigurationPlatforms) = postSolution
		{089C59D0-265F-4C5D-900C-0AC369F9C565}.Debug|Any CPU.ActiveCfg = Debug|Any CPU
		{089C59D0-265F-4C5D-900C-0AC369F9C565}.Debug|Any CPU.Build.0 = Debug|Any CPU
		{089C59D0-265F-4C5D-900C-0AC369F9C565}.Release|Any CPU.ActiveCfg = Release|Any CPU
		{089C59D0-265F-4C5D-900C-0AC369F9C565}.Release|Any CPU.Build.0 = Release|Any CPU
		{CB7BF651-6DBB-4280-A989-435F784056FE}.Debug|Any CPU.ActiveCfg = Debug|Any CPU
		{CB7BF651-6DBB-4280-A989-435F784056FE}.Debug|Any CPU.Build.0 = Debug|Any CPU
		{CB7BF651-6DBB-4280-A989-435F784056FE}.Release|Any CPU.ActiveCfg = Release|Any CPU
		{CB7BF651-6DBB-4280-A989-435F784056FE}.Release|Any CPU.Build.0 = Release|Any CPU
		{664A3D7D-904F-44F6-8046-8C2BFA413B01}.Debug|Any CPU.ActiveCfg = Debug|Any CPU
		{664A3D7D-904F-44F6-8046-8C2BFA413B01}.Debug|Any CPU.Build.0 = Debug|Any CPU
		{664A3D7D-904F-44F6-8046-8C2BFA413B01}.Release|Any CPU.ActiveCfg = Release|Any CPU
		{664A3D7D-904F-44F6-8046-8C2BFA413B01}.Release|Any CPU.Build.0 = Release|Any CPU
		{2EBE385D-A6B3-43D1-AA40-B204E3B06ABC}.Debug|Any CPU.ActiveCfg = Debug|Any CPU
		{2EBE385D-A6B3-43D1-AA40-B204E3B06ABC}.Debug|Any CPU.Build.0 = Debug|Any CPU
		{2EBE385D-A6B3-43D1-AA40-B204E3B06ABC}.Release|Any CPU.ActiveCfg = Release|Any CPU
		{2EBE385D-A6B3-43D1-AA40-B204E3B06ABC}.Release|Any CPU.Build.0 = Release|Any CPU
		{98D9524F-3E13-4E5B-BD44-8955F1930900}.Debug|Any CPU.ActiveCfg = Debug|Any CPU
		{98D9524F-3E13-4E5B-BD44-8955F1930900}.Debug|Any CPU.Build.0 = Debug|Any CPU
		{98D9524F-3E13-4E5B-BD44-8955F1930900}.Release|Any CPU.ActiveCfg = Release|Any CPU
		{98D9524F-3E13-4E5B-BD44-8955F1930900}.Release|Any CPU.Build.0 = Release|Any CPU
		{6B4A5DB1-7336-49AE-BC5B-5186C7519EC2}.Debug|Any CPU.ActiveCfg = Debug|Any CPU
		{6B4A5DB1-7336-49AE-BC5B-5186C7519EC2}.Debug|Any CPU.Build.0 = Debug|Any CPU
		{6B4A5DB1-7336-49AE-BC5B-5186C7519EC2}.Release|Any CPU.ActiveCfg = Release|Any CPU
		{6B4A5DB1-7336-49AE-BC5B-5186C7519EC2}.Release|Any CPU.Build.0 = Release|Any CPU
		{A6416280-B3EC-4EAA-9F13-BF3885355276}.Debug|Any CPU.ActiveCfg = Debug|Any CPU
		{A6416280-B3EC-4EAA-9F13-BF3885355276}.Debug|Any CPU.Build.0 = Debug|Any CPU
		{A6416280-B3EC-4EAA-9F13-BF3885355276}.Release|Any CPU.ActiveCfg = Release|Any CPU
		{A6416280-B3EC-4EAA-9F13-BF3885355276}.Release|Any CPU.Build.0 = Release|Any CPU
		{E736B85D-78A9-47C4-904A-9C8990CD01B1}.Debug|Any CPU.ActiveCfg = Debug|Any CPU
		{E736B85D-78A9-47C4-904A-9C8990CD01B1}.Debug|Any CPU.Build.0 = Debug|Any CPU
		{E736B85D-78A9-47C4-904A-9C8990CD01B1}.Release|Any CPU.ActiveCfg = Release|Any CPU
		{E736B85D-78A9-47C4-904A-9C8990CD01B1}.Release|Any CPU.Build.0 = Release|Any CPU
		{6F9C2621-695C-4BDE-881B-157DCAA75C07}.Debug|Any CPU.ActiveCfg = Debug|Any CPU
		{6F9C2621-695C-4BDE-881B-157DCAA75C07}.Debug|Any CPU.Build.0 = Debug|Any CPU
		{6F9C2621-695C-4BDE-881B-157DCAA75C07}.Release|Any CPU.ActiveCfg = Release|Any CPU
		{6F9C2621-695C-4BDE-881B-157DCAA75C07}.Release|Any CPU.Build.0 = Release|Any CPU
		{995DEAB6-40D0-4D57-9D5D-15D35A1AD772}.Debug|Any CPU.ActiveCfg = Debug|Any CPU
		{995DEAB6-40D0-4D57-9D5D-15D35A1AD772}.Debug|Any CPU.Build.0 = Debug|Any CPU
		{995DEAB6-40D0-4D57-9D5D-15D35A1AD772}.Release|Any CPU.ActiveCfg = Release|Any CPU
		{995DEAB6-40D0-4D57-9D5D-15D35A1AD772}.Release|Any CPU.Build.0 = Release|Any CPU
		{C5D796A3-0E3A-43A9-B3CD-02ED63D8FCA5}.Debug|Any CPU.ActiveCfg = Debug|Any CPU
		{C5D796A3-0E3A-43A9-B3CD-02ED63D8FCA5}.Debug|Any CPU.Build.0 = Debug|Any CPU
		{C5D796A3-0E3A-43A9-B3CD-02ED63D8FCA5}.Release|Any CPU.ActiveCfg = Release|Any CPU
		{C5D796A3-0E3A-43A9-B3CD-02ED63D8FCA5}.Release|Any CPU.Build.0 = Release|Any CPU
		{0C18F93C-B49B-44A0-A6EB-5AE0B9623953}.Debug|Any CPU.ActiveCfg = Debug|Any CPU
		{0C18F93C-B49B-44A0-A6EB-5AE0B9623953}.Debug|Any CPU.Build.0 = Debug|Any CPU
		{0C18F93C-B49B-44A0-A6EB-5AE0B9623953}.Release|Any CPU.ActiveCfg = Release|Any CPU
		{0C18F93C-B49B-44A0-A6EB-5AE0B9623953}.Release|Any CPU.Build.0 = Release|Any CPU
	EndGlobalSection
	GlobalSection(SolutionProperties) = preSolution
		HideSolutionNode = FALSE
	EndGlobalSection
EndGlobal
